{
  "object": {
    "pins": [
      {
        "package": "XMLCoder",
        "repositoryURL": "https://github.com/MaxDesiatov/XMLCoder.git",
        "state": {
          "branch": null,
          "revision": "96d210ee78d8b1d38870f81ff48d8e8ab806fffa",
          "version": "0.9.0"
        }
      }
    ]
  },
  "version": 1
}
